
Microsoft Visual Studio Solution File, Format Version 12.00
# Visual Studio Version 17
VisualStudioVersion = 17.0.31919.166
MinimumVisualStudioVersion = 10.0.40219.1
Project("{FAE04EC0-301F-11D3-BF4B-00C04F79EFBC}") = "GunStore", "GunStore\GunStore.csproj", "{D504D1FD-F763-47D2-B5E2-49474F4F912A}"
EndProject
Global
	GlobalSection(SolutionConfigurationPlatforms) = preSolution
		Debug|Any CPU = Debug|Any CPU
		Release|Any CPU = Release|Any CPU
	EndGlobalSection
	GlobalSection(ProjectConfigurationPlatforms) = postSolution
		{D504D1FD-F763-47D2-B5E2-49474F4F912A}.Debug|Any CPU.ActiveCfg = Debug|Any CPU
		{D504D1FD-F763-47D2-B5E2-49474F4F912A}.Debug|Any CPU.Build.0 = Debug|Any CPU
		{D504D1FD-F763-47D2-B5E2-49474F4F912A}.Release|Any CPU.ActiveCfg = Release|Any CPU
		{D504D1FD-F763-47D2-B5E2-49474F4F912A}.Release|Any CPU.Build.0 = Release|Any CPU
	EndGlobalSection
	GlobalSection(SolutionProperties) = preSolution
		HideSolutionNode = FALSE
	EndGlobalSection
	GlobalSection(ExtensibilityGlobals) = postSolution
		SolutionGuid = {718F9C76-CEAE-4DF8-8410-200BD5DED9B9}
	EndGlobalSection
EndGlobal
